
Microsoft Visual Studio Solution File, Format Version 12.00
# Visual Studio Version 17
VisualStudioVersion = 17.9.34622.214
MinimumVisualStudioVersion = 10.0.40219.1
Project("{9A19103F-16F7-4668-BE54-9A1E7A4F7556}") = "Lab2.1", "Lab2.1\Lab2.1.csproj", "{7251E13F-BFA7-4B96-8A1A-C0B7C12484AA}"
EndProject
Project("{9A19103F-16F7-4668-BE54-9A1E7A4F7556}") = "Lab2.2", "Lab2.2\Lab2.2.csproj", "{207A10D5-C2EF-472B-8575-C6A1B9CA39D8}"
EndProject
Project("{9A19103F-16F7-4668-BE54-9A1E7A4F7556}") = "Lab2.3", "Lab2.3\Lab2.3.csproj", "{2AD07CAF-BAC5-42BC-A62D-D5F41721C6C0}"
EndProject
Project("{9A19103F-16F7-4668-BE54-9A1E7A4F7556}") = "Lab2.4", "Lab2.4\Lab2.4.csproj", "{D5C0145D-DAA1-429B-B158-4387B18605B1}"
EndProject
Project("{9A19103F-16F7-4668-BE54-9A1E7A4F7556}") = "Lab2.5", "Lab2.5\Lab2.5.csproj", "{A8FC48B3-21BC-41D0-B307-238D2E47EBBE}"
EndProject
Project("{9A19103F-16F7-4668-BE54-9A1E7A4F7556}") = "Lab2.6", "Lab2.6\Lab2.6.csproj", "{F45605D9-C650-4372-9207-B3D3111F6307}"
EndProject
Project("{9A19103F-16F7-4668-BE54-9A1E7A4F7556}") = "Lab2.7", "Lab2.7\Lab2.7.csproj", "{84DD68B6-F2F6-4EC9-B446-408108DD7D10}"
EndProject
Project("{FAE04EC0-301F-11D3-BF4B-00C04F79EFBC}") = "Lab2.8", "Lab2.8\Lab2.8.csproj", "{780A9571-0F2D-4932-BF71-B6E5A2673554}"
EndProject
Project("{FAE04EC0-301F-11D3-BF4B-00C04F79EFBC}") = "Lab2.9", "Lab2.9\Lab2.9.csproj", "{888A35FE-3FBD-400B-B814-172F0B4FAC0A}"
EndProject
Project("{FAE04EC0-301F-11D3-BF4B-00C04F79EFBC}") = "Lab2.10", "Lab2.10\Lab2.10.csproj", "{0C8D304B-B9B8-45E9-9163-B7C09375C837}"
EndProject
Project("{FAE04EC0-301F-11D3-BF4B-00C04F79EFBC}") = "Lab2.11", "Lab2.11\Lab2.11.csproj", "{ABDDF661-6634-4C0A-A559-413E585C4556}"
EndProject
Project("{FAE04EC0-301F-11D3-BF4B-00C04F79EFBC}") = "Lab2.12", "Lab2.12\Lab2.12.csproj", "{28003A69-25CA-44A5-8294-0C2A5B6CDD33}"
EndProject
Project("{FAE04EC0-301F-11D3-BF4B-00C04F79EFBC}") = "Lab2.13", "Lab2.13\Lab2.13.csproj", "{AB33F085-793E-4801-B161-1F06D173F0C5}"
EndProject
Project("{FAE04EC0-301F-11D3-BF4B-00C04F79EFBC}") = "Lab2.14", "Lab2.14\Lab2.14.csproj", "{5F3E2C45-25A9-4ED0-94C6-A4B23913610D}"
EndProject
Project("{FAE04EC0-301F-11D3-BF4B-00C04F79EFBC}") = "Lab2.15", "Lab2.15\Lab2.15.csproj", "{C72231C4-AB65-4E4A-B71B-407591445A70}"
EndProject
Global
	GlobalSection(SolutionConfigurationPlatforms) = preSolution
		Debug|Any CPU = Debug|Any CPU
		Release|Any CPU = Release|Any CPU
	EndGlobalSection
	GlobalSection(ProjectConfigurationPlatforms) = postSolution
		{7251E13F-BFA7-4B96-8A1A-C0B7C12484AA}.Debug|Any CPU.ActiveCfg = Debug|Any CPU
		{7251E13F-BFA7-4B96-8A1A-C0B7C12484AA}.Debug|Any CPU.Build.0 = Debug|Any CPU
		{7251E13F-BFA7-4B96-8A1A-C0B7C12484AA}.Release|Any CPU.ActiveCfg = Release|Any CPU
		{7251E13F-BFA7-4B96-8A1A-C0B7C12484AA}.Release|Any CPU.Build.0 = Release|Any CPU
		{207A10D5-C2EF-472B-8575-C6A1B9CA39D8}.Debug|Any CPU.ActiveCfg = Debug|Any CPU
		{207A10D5-C2EF-472B-8575-C6A1B9CA39D8}.Debug|Any CPU.Build.0 = Debug|Any CPU
		{207A10D5-C2EF-472B-8575-C6A1B9CA39D8}.Release|Any CPU.ActiveCfg = Release|Any CPU
		{207A10D5-C2EF-472B-8575-C6A1B9CA39D8}.Release|Any CPU.Build.0 = Release|Any CPU
		{2AD07CAF-BAC5-42BC-A62D-D5F41721C6C0}.Debug|Any CPU.ActiveCfg = Debug|Any CPU
		{2AD07CAF-BAC5-42BC-A62D-D5F41721C6C0}.Debug|Any CPU.Build.0 = Debug|Any CPU
		{2AD07CAF-BAC5-42BC-A62D-D5F41721C6C0}.Release|Any CPU.ActiveCfg = Release|Any CPU
		{2AD07CAF-BAC5-42BC-A62D-D5F41721C6C0}.Release|Any CPU.Build.0 = Release|Any CPU
		{D5C0145D-DAA1-429B-B158-4387B18605B1}.Debug|Any CPU.ActiveCfg = Debug|Any CPU
		{D5C0145D-DAA1-429B-B158-4387B18605B1}.Debug|Any CPU.Build.0 = Debug|Any CPU
		{D5C0145D-DAA1-429B-B158-4387B18605B1}.Release|Any CPU.ActiveCfg = Release|Any CPU
		{D5C0145D-DAA1-429B-B158-4387B18605B1}.Release|Any CPU.Build.0 = Release|Any CPU
		{A8FC48B3-21BC-41D0-B307-238D2E47EBBE}.Debug|Any CPU.ActiveCfg = Debug|Any CPU
		{A8FC48B3-21BC-41D0-B307-238D2E47EBBE}.Debug|Any CPU.Build.0 = Debug|Any CPU
		{A8FC48B3-21BC-41D0-B307-238D2E47EBBE}.Release|Any CPU.ActiveCfg = Release|Any CPU
		{A8FC48B3-21BC-41D0-B307-238D2E47EBBE}.Release|Any CPU.Build.0 = Release|Any CPU
		{F45605D9-C650-4372-9207-B3D3111F6307}.Debug|Any CPU.ActiveCfg = Debug|Any CPU
		{F45605D9-C650-4372-9207-B3D3111F6307}.Debug|Any CPU.Build.0 = Debug|Any CPU
		{F45605D9-C650-4372-9207-B3D3111F6307}.Release|Any CPU.ActiveCfg = Release|Any CPU
		{F45605D9-C650-4372-9207-B3D3111F6307}.Release|Any CPU.Build.0 = Release|Any CPU
		{84DD68B6-F2F6-4EC9-B446-408108DD7D10}.Debug|Any CPU.ActiveCfg = Debug|Any CPU
		{84DD68B6-F2F6-4EC9-B446-408108DD7D10}.Debug|Any CPU.Build.0 = Debug|Any CPU
		{84DD68B6-F2F6-4EC9-B446-408108DD7D10}.Release|Any CPU.ActiveCfg = Release|Any CPU
		{84DD68B6-F2F6-4EC9-B446-408108DD7D10}.Release|Any CPU.Build.0 = Release|Any CPU
		{780A9571-0F2D-4932-BF71-B6E5A2673554}.Debug|Any CPU.ActiveCfg = Debug|Any CPU
		{780A9571-0F2D-4932-BF71-B6E5A2673554}.Debug|Any CPU.Build.0 = Debug|Any CPU
		{780A9571-0F2D-4932-BF71-B6E5A2673554}.Release|Any CPU.ActiveCfg = Release|Any CPU
		{780A9571-0F2D-4932-BF71-B6E5A2673554}.Release|Any CPU.Build.0 = Release|Any CPU
		{888A35FE-3FBD-400B-B814-172F0B4FAC0A}.Debug|Any CPU.ActiveCfg = Debug|Any CPU
		{888A35FE-3FBD-400B-B814-172F0B4FAC0A}.Debug|Any CPU.Build.0 = Debug|Any CPU
		{888A35FE-3FBD-400B-B814-172F0B4FAC0A}.Release|Any CPU.ActiveCfg = Release|Any CPU
		{888A35FE-3FBD-400B-B814-172F0B4FAC0A}.Release|Any CPU.Build.0 = Release|Any CPU
		{0C8D304B-B9B8-45E9-9163-B7C09375C837}.Debug|Any CPU.ActiveCfg = Debug|Any CPU
		{0C8D304B-B9B8-45E9-9163-B7C09375C837}.Debug|Any CPU.Build.0 = Debug|Any CPU
		{0C8D304B-B9B8-45E9-9163-B7C09375C837}.Release|Any CPU.ActiveCfg = Release|Any CPU
		{0C8D304B-B9B8-45E9-9163-B7C09375C837}.Release|Any CPU.Build.0 = Release|Any CPU
		{ABDDF661-6634-4C0A-A559-413E585C4556}.Debug|Any CPU.ActiveCfg = Debug|Any CPU
		{ABDDF661-6634-4C0A-A559-413E585C4556}.Debug|Any CPU.Build.0 = Debug|Any CPU
		{ABDDF661-6634-4C0A-A559-413E585C4556}.Release|Any CPU.ActiveCfg = Release|Any CPU
		{ABDDF661-6634-4C0A-A559-413E585C4556}.Release|Any CPU.Build.0 = Release|Any CPU
		{28003A69-25CA-44A5-8294-0C2A5B6CDD33}.Debug|Any CPU.ActiveCfg = Debug|Any CPU
		{28003A69-25CA-44A5-8294-0C2A5B6CDD33}.Debug|Any CPU.Build.0 = Debug|Any CPU
		{28003A69-25CA-44A5-8294-0C2A5B6CDD33}.Release|Any CPU.ActiveCfg = Release|Any CPU
		{28003A69-25CA-44A5-8294-0C2A5B6CDD33}.Release|Any CPU.Build.0 = Release|Any CPU
		{AB33F085-793E-4801-B161-1F06D173F0C5}.Debug|Any CPU.ActiveCfg = Debug|Any CPU
		{AB33F085-793E-4801-B161-1F06D173F0C5}.Debug|Any CPU.Build.0 = Debug|Any CPU
		{AB33F085-793E-4801-B161-1F06D173F0C5}.Release|Any CPU.ActiveCfg = Release|Any CPU
		{AB33F085-793E-4801-B161-1F06D173F0C5}.Release|Any CPU.Build.0 = Release|Any CPU
		{5F3E2C45-25A9-4ED0-94C6-A4B23913610D}.Debug|Any CPU.ActiveCfg = Debug|Any CPU
		{5F3E2C45-25A9-4ED0-94C6-A4B23913610D}.Debug|Any CPU.Build.0 = Debug|Any CPU
		{5F3E2C45-25A9-4ED0-94C6-A4B23913610D}.Release|Any CPU.ActiveCfg = Release|Any CPU
		{5F3E2C45-25A9-4ED0-94C6-A4B23913610D}.Release|Any CPU.Build.0 = Release|Any CPU
		{C72231C4-AB65-4E4A-B71B-407591445A70}.Debug|Any CPU.ActiveCfg = Debug|Any CPU
		{C72231C4-AB65-4E4A-B71B-407591445A70}.Debug|Any CPU.Build.0 = Debug|Any CPU
		{C72231C4-AB65-4E4A-B71B-407591445A70}.Release|Any CPU.ActiveCfg = Release|Any CPU
		{C72231C4-AB65-4E4A-B71B-407591445A70}.Release|Any CPU.Build.0 = Release|Any CPU
	EndGlobalSection
	GlobalSection(SolutionProperties) = preSolution
		HideSolutionNode = FALSE
	EndGlobalSection
	GlobalSection(ExtensibilityGlobals) = postSolution
		SolutionGuid = {BE110ED7-D2E2-4170-A44B-768F389F8DC3}
	EndGlobalSection
EndGlobal
